
Microsoft Visual Studio Solution File, Format Version 12.00
# Visual Studio Version 17
VisualStudioVersion = 17.7.34202.233
MinimumVisualStudioVersion = 10.0.40219.1
Project("{9A19103F-16F7-4668-BE54-9A1E7A4F7556}") = "Logwarts", "Logwarts.csproj", "{036FFDFA-EEB3-4A97-80D4-5F2D7B11932B}"
EndProject
Global
	GlobalSection(SolutionConfigurationPlatforms) = preSolution
		Debug|Any CPU = Debug|Any CPU
		Release|Any CPU = Release|Any CPU
	EndGlobalSection
	GlobalSection(ProjectConfigurationPlatforms) = postSolution
		{036FFDFA-EEB3-4A97-80D4-5F2D7B11932B}.Debug|Any CPU.ActiveCfg = Debug|Any CPU
		{036FFDFA-EEB3-4A97-80D4-5F2D7B11932B}.Debug|Any CPU.Build.0 = Debug|Any CPU
		{036FFDFA-EEB3-4A97-80D4-5F2D7B11932B}.Release|Any CPU.ActiveCfg = Release|Any CPU
		{036FFDFA-EEB3-4A97-80D4-5F2D7B11932B}.Release|Any CPU.Build.0 = Release|Any CPU
	EndGlobalSection
	GlobalSection(SolutionProperties) = preSolution
		HideSolutionNode = FALSE
	EndGlobalSection
	GlobalSection(ExtensibilityGlobals) = postSolution
		SolutionGuid = {F5ED8648-1B14-4227-91F6-5798333AD1AE}
	EndGlobalSection
EndGlobal
